
Microsoft Visual Studio Solution File, Format Version 12.00
# Visual Studio Version 16
VisualStudioVersion = 16.0.34301.259
MinimumVisualStudioVersion = 10.0.40219.1
Project("{FAE04EC0-301F-11D3-BF4B-00C04F79EFBC}") = "ContactManager", "ContactManager\ContactManager.csproj", "{FEDAEE42-A9E8-4EEE-B785-5BCAFB3810AE}"
EndProject
Global
	GlobalSection(SolutionConfigurationPlatforms) = preSolution
		Debug|Any CPU = Debug|Any CPU
		Release|Any CPU = Release|Any CPU
	EndGlobalSection
	GlobalSection(ProjectConfigurationPlatforms) = postSolution
		{FEDAEE42-A9E8-4EEE-B785-5BCAFB3810AE}.Debug|Any CPU.ActiveCfg = Debug|Any CPU
		{FEDAEE42-A9E8-4EEE-B785-5BCAFB3810AE}.Debug|Any CPU.Build.0 = Debug|Any CPU
		{FEDAEE42-A9E8-4EEE-B785-5BCAFB3810AE}.Release|Any CPU.ActiveCfg = Release|Any CPU
		{FEDAEE42-A9E8-4EEE-B785-5BCAFB3810AE}.Release|Any CPU.Build.0 = Release|Any CPU
	EndGlobalSection
	GlobalSection(SolutionProperties) = preSolution
		HideSolutionNode = FALSE
	EndGlobalSection
	GlobalSection(ExtensibilityGlobals) = postSolution
		SolutionGuid = {D2E93030-E072-42E0-8279-0223FE1BAB15}
	EndGlobalSection
EndGlobal
